
Microsoft Visual Studio Solution File, Format Version 12.00
# Visual Studio 14
VisualStudioVersion = 14.0.24720.0
MinimumVisualStudioVersion = 10.0.40219.1
Project("{FAE04EC0-301F-11D3-BF4B-00C04F79EFBC}") = "PhantomGroceries.Web", "PhantomGroceries.Web\PhantomGroceries.Web.csproj", "{A4FB8260-184E-47E6-AE06-D498B6E5B7F5}"
EndProject
Project("{FAE04EC0-301F-11D3-BF4B-00C04F79EFBC}") = "PhantomGroceries.Service", "PhantomGroceries.Service\PhantomGroceries.Service.csproj", "{921E4086-1131-408B-A81D-37E2BA99B298}"
EndProject
Project("{FAE04EC0-301F-11D3-BF4B-00C04F79EFBC}") = "PhantomGroceries.Data", "PhantomGroceries.Data\PhantomGroceries.Data.csproj", "{8D3E7707-D37E-49A3-9B47-629747ED20C1}"
EndProject
Project("{FAE04EC0-301F-11D3-BF4B-00C04F79EFBC}") = "PhantomGroceries.Domain", "PhantomGroceries.Domain\PhantomGroceries.Domain.csproj", "{A84F2438-16C8-4651-97E2-F5B030CDA64D}"
EndProject
Global
	GlobalSection(SolutionConfigurationPlatforms) = preSolution
		Debug|Any CPU = Debug|Any CPU
		Release|Any CPU = Release|Any CPU
	EndGlobalSection
	GlobalSection(ProjectConfigurationPlatforms) = postSolution
		{A4FB8260-184E-47E6-AE06-D498B6E5B7F5}.Debug|Any CPU.ActiveCfg = Debug|Any CPU
		{A4FB8260-184E-47E6-AE06-D498B6E5B7F5}.Debug|Any CPU.Build.0 = Debug|Any CPU
		{A4FB8260-184E-47E6-AE06-D498B6E5B7F5}.Release|Any CPU.ActiveCfg = Release|Any CPU
		{A4FB8260-184E-47E6-AE06-D498B6E5B7F5}.Release|Any CPU.Build.0 = Release|Any CPU
		{921E4086-1131-408B-A81D-37E2BA99B298}.Debug|Any CPU.ActiveCfg = Debug|Any CPU
		{921E4086-1131-408B-A81D-37E2BA99B298}.Debug|Any CPU.Build.0 = Debug|Any CPU
		{921E4086-1131-408B-A81D-37E2BA99B298}.Release|Any CPU.ActiveCfg = Release|Any CPU
		{921E4086-1131-408B-A81D-37E2BA99B298}.Release|Any CPU.Build.0 = Release|Any CPU
		{8D3E7707-D37E-49A3-9B47-629747ED20C1}.Debug|Any CPU.ActiveCfg = Debug|Any CPU
		{8D3E7707-D37E-49A3-9B47-629747ED20C1}.Debug|Any CPU.Build.0 = Debug|Any CPU
		{8D3E7707-D37E-49A3-9B47-629747ED20C1}.Release|Any CPU.ActiveCfg = Release|Any CPU
		{8D3E7707-D37E-49A3-9B47-629747ED20C1}.Release|Any CPU.Build.0 = Release|Any CPU
		{A84F2438-16C8-4651-97E2-F5B030CDA64D}.Debug|Any CPU.ActiveCfg = Debug|Any CPU
		{A84F2438-16C8-4651-97E2-F5B030CDA64D}.Debug|Any CPU.Build.0 = Debug|Any CPU
		{A84F2438-16C8-4651-97E2-F5B030CDA64D}.Release|Any CPU.ActiveCfg = Release|Any CPU
		{A84F2438-16C8-4651-97E2-F5B030CDA64D}.Release|Any CPU.Build.0 = Release|Any CPU
	EndGlobalSection
	GlobalSection(SolutionProperties) = preSolution
		HideSolutionNode = FALSE
	EndGlobalSection
EndGlobal
